# THIS IS AN AUTOGENERATED FILE. DO NOT EDIT THIS FILE DIRECTLY.
# yarn lockfile v1


"@babel/runtime@^7.17.2":
  version "7.19.4"
  resolved "https://registry.npmmirror.com/@babel/runtime/-/runtime-7.19.4.tgz#a42f814502ee467d55b38dd1c256f53a7b885c78"
  integrity sha512-EXpLCrk55f+cYqmHsSR+yD/0gAIMxxA9QK9lnQWzhMCvt+YmoBN7Zx94s++Kv0+unHk39vxNO8t+CMA2WSS3wA==
  dependencies:
    regenerator-runtime "^0.13.4"

"@gykeji/jsutil@^2.0.0":
  version "2.0.0"
  resolved "https://registry.npmmirror.com/@gykeji/jsutil/-/jsutil-2.0.0.tgz#d838046eb5c80bb59406a46103f9eed006c31ca5"
  integrity sha512-7rfOzU8HbvtLc7j184SEB4nGM7atnolR3WzL1ZEVPSdBXZ/QQj3HFU4pCrlooVy7Lb0467b98Fi0MEa8lyL+Tw==
  dependencies:
    marked "^4.0.19"
    showdown "^2.1.0"

await-to-js@^3.0.0:
  version "3.0.0"
  resolved "https://registry.npmmirror.com/await-to-js/-/await-to-js-3.0.0.tgz#70929994185616f4675a91af6167eb61cc92868f"
  integrity sha512-zJAaP9zxTcvTHRlejau3ZOY4V7SRpiByf3/dxx2uyKxxor19tpmpV2QRsTKikckwhaPmr2dVpxxMr7jOCYVp5g==

commander@^9.0.0:
  version "9.4.1"
  resolved "https://registry.npmmirror.com/commander/-/commander-9.4.1.tgz#d1dd8f2ce6faf93147295c0df13c7c21141cfbdd"
  integrity sha512-5EEkTNyHNGFPD2H+c/dXXfQZYa/scCKasxWcXJaWnNJ99pnQN9Vnmqow+p+PlFPE63Q6mThaZws1T+HxfpgtPw==

copy-text-to-clipboard@^3.0.1:
  version "3.0.1"
  resolved "https://registry.npmmirror.com/copy-text-to-clipboard/-/copy-text-to-clipboard-3.0.1.tgz#8cbf8f90e0a47f12e4a24743736265d157bce69c"
  integrity sha512-rvVsHrpFcL4F2P8ihsoLdFHmd404+CMg71S756oRSeQgqk51U3kicGdnvfkrxva0xXH92SjGS62B0XIJsbh+9Q==

core-js@^3.11.0:
  version "3.25.5"
  resolved "https://registry.npmmirror.com/core-js/-/core-js-3.25.5.tgz#e86f651a2ca8a0237a5f064c2fe56cef89646e27"
  integrity sha512-nbm6eZSjm+ZuBQxCUPQKQCoUEfFOXjUZ8dTTyikyKaWrTYmAVbykQfwsKE5dBK88u3QCkCrzsx/PPlKfhsvgpw==

marked@^4.0.19:
  version "4.1.1"
  resolved "https://registry.npmmirror.com/marked/-/marked-4.1.1.tgz#2f709a4462abf65a283f2453dc1c42ab177d302e"
  integrity sha512-0cNMnTcUJPxbA6uWmCmjWz4NJRe/0Xfk2NhXCUHjew9qJzFN20krFnsUe7QynwqOwa5m1fZ4UDg0ycKFVC0ccw==

moment@^2.29.4:
  version "2.29.4"
  resolved "https://registry.npmmirror.com/moment/-/moment-2.29.4.tgz#3dbe052889fe7c1b2ed966fcb3a77328964ef108"
  integrity sha512-5LC9SOxjSc2HF6vO2CyuTDNivEdoz2IvyJJGj6X8DJ0eFyfszE0QiEd+iXmBvUP3WHxSjFH/vIsA0EN00cgr8w==

mutation-observer@^1.0.3:
  version "1.0.3"
  resolved "https://registry.npmmirror.com/mutation-observer/-/mutation-observer-1.0.3.tgz#42e9222b101bca82e5ba9d5a7acf4a14c0f263d0"
  integrity sha512-M/O/4rF2h776hV7qGMZUH3utZLO/jK7p8rnNgGkjKUw8zCGjRQPxB8z6+5l8+VjRUQ3dNYu4vjqXYLr+U8ZVNA==

regenerator-runtime@^0.13.4:
  version "0.13.10"
  resolved "https://registry.npmmirror.com/regenerator-runtime/-/regenerator-runtime-0.13.10.tgz#ed07b19616bcbec5da6274ebc75ae95634bfc2ee"
  integrity sha512-KepLsg4dU12hryUO7bp/axHAKvwGOCV0sGloQtpagJ12ai+ojVDqkeGSiRX1zlq+kjIMZ1t7gpze+26QqtdGqw==

showdown@^2.1.0:
  version "2.1.0"
  resolved "https://registry.npmmirror.com/showdown/-/showdown-2.1.0.tgz#1251f5ed8f773f0c0c7bfc8e6fd23581f9e545c5"
  integrity sha512-/6NVYu4U819R2pUIk79n67SYgJHWCce0a5xTP979WbNp0FL9MN1I1QK662IDU1b6JzKTvmhgI7T7JYIxBi3kMQ==
  dependencies:
    commander "^9.0.0"

vconsole@^3.14.7:
  version "3.14.7"
  resolved "https://registry.npmmirror.com/vconsole/-/vconsole-3.14.7.tgz#43f674dd566702c824f5bcba6674558c9c000006"
  integrity sha512-48byrra1sZk0zJfUM8HFN/ZKtMzvd7Sirt2h5Hfnf7txKOxL9JfoFKB2uLixmOF3jjxCpwnLLb1tsHlg4YzoyA==
  dependencies:
    "@babel/runtime" "^7.17.2"
    copy-text-to-clipboard "^3.0.1"
    core-js "^3.11.0"
    mutation-observer "^1.0.3"
